
Microsoft Visual Studio Solution File, Format Version 12.00
# Visual Studio Version 16
VisualStudioVersion = 16.0.32228.343
MinimumVisualStudioVersion = 10.0.40219.1
Project("{2150E333-8FDC-42A3-9474-1A3956D46DE8}") = "Chapter02", "Chapter02", "{4D1ADECA-F3EB-4042-80F2-3364426BB004}"
EndProject
Project("{FAE04EC0-301F-11D3-BF4B-00C04F79EFBC}") = "DistanceConverter", "Chapter02\DistanceConverter\DistanceConverter.csproj", "{87657534-DA66-4B0F-9E73-A46EC3217F46}"
EndProject
Project("{FAE04EC0-301F-11D3-BF4B-00C04F79EFBC}") = "SalesCalculator", "Chapter02\SalesCalculator\SalesCalculator.csproj", "{BB4E0C68-53E1-40C1-89A1-A5EDEF3F2BE7}"
EndProject
Global
	GlobalSection(SolutionConfigurationPlatforms) = preSolution
		Debug|Any CPU = Debug|Any CPU
		Release|Any CPU = Release|Any CPU
	EndGlobalSection
	GlobalSection(ProjectConfigurationPlatforms) = postSolution
		{87657534-DA66-4B0F-9E73-A46EC3217F46}.Debug|Any CPU.ActiveCfg = Debug|Any CPU
		{87657534-DA66-4B0F-9E73-A46EC3217F46}.Debug|Any CPU.Build.0 = Debug|Any CPU
		{87657534-DA66-4B0F-9E73-A46EC3217F46}.Release|Any CPU.ActiveCfg = Release|Any CPU
		{87657534-DA66-4B0F-9E73-A46EC3217F46}.Release|Any CPU.Build.0 = Release|Any CPU
		{BB4E0C68-53E1-40C1-89A1-A5EDEF3F2BE7}.Debug|Any CPU.ActiveCfg = Debug|Any CPU
		{BB4E0C68-53E1-40C1-89A1-A5EDEF3F2BE7}.Debug|Any CPU.Build.0 = Debug|Any CPU
		{BB4E0C68-53E1-40C1-89A1-A5EDEF3F2BE7}.Release|Any CPU.ActiveCfg = Release|Any CPU
		{BB4E0C68-53E1-40C1-89A1-A5EDEF3F2BE7}.Release|Any CPU.Build.0 = Release|Any CPU
	EndGlobalSection
	GlobalSection(SolutionProperties) = preSolution
		HideSolutionNode = FALSE
	EndGlobalSection
	GlobalSection(NestedProjects) = preSolution
		{87657534-DA66-4B0F-9E73-A46EC3217F46} = {4D1ADECA-F3EB-4042-80F2-3364426BB004}
		{BB4E0C68-53E1-40C1-89A1-A5EDEF3F2BE7} = {4D1ADECA-F3EB-4042-80F2-3364426BB004}
	EndGlobalSection
	GlobalSection(ExtensibilityGlobals) = postSolution
		SolutionGuid = {DC17E648-5B23-4B8B-B95D-6B88414E6EFD}
	EndGlobalSection
EndGlobal
