
Microsoft Visual Studio Solution File, Format Version 12.00
# Visual Studio Version 16
VisualStudioVersion = 16.0.32228.343
MinimumVisualStudioVersion = 10.0.40219.1
Project("{2150E333-8FDC-42A3-9474-1A3956D46DE8}") = "Chapter02", "Chapter02", "{4D1ADECA-F3EB-4042-80F2-3364426BB004}"
EndProject
Project("{FAE04EC0-301F-11D3-BF4B-00C04F79EFBC}") = "DistanceConverter", "Chapter02\DistanceConverter\DistanceConverter.csproj", "{87657534-DA66-4B0F-9E73-A46EC3217F46}"
EndProject
Project("{FAE04EC0-301F-11D3-BF4B-00C04F79EFBC}") = "SalesCalculator", "Chapter02\SalesCalculator\SalesCalculator.csproj", "{BB4E0C68-53E1-40C1-89A1-A5EDEF3F2BE7}"
EndProject
Project("{FAE04EC0-301F-11D3-BF4B-00C04F79EFBC}") = "Exercise", "Chapter02\Exercise\Exercise.csproj", "{69D1FAE6-A116-43FA-968E-4AB8E7BD3238}"
EndProject
Project("{FAE04EC0-301F-11D3-BF4B-00C04F79EFBC}") = "Exercise2", "Chapter02\Exercise2\Exercise2.csproj", "{584AD1DA-CDD6-4722-A021-27526689DE2B}"
EndProject
Project("{FAE04EC0-301F-11D3-BF4B-00C04F79EFBC}") = "Exercise3", "Chapter02\Exercise3\Exercise3\Exercise3.csproj", "{6B679EA2-17B5-4E5F-9A23-7E70CAEA3F73}"
EndProject
Project("{2150E333-8FDC-42A3-9474-1A3956D46DE8}") = "Chapter03", "Chapter03", "{58606AE4-F691-4351-9023-D2AE6B0EBF04}"
EndProject
Project("{FAE04EC0-301F-11D3-BF4B-00C04F79EFBC}") = "Section01", "Chapter03\Section01\Section01.csproj", "{2AF76C10-0DD2-44E8-A7A1-9991C4B7359A}"
EndProject
Project("{FAE04EC0-301F-11D3-BF4B-00C04F79EFBC}") = "Exercise01", "Chapter03\Exercise01\Exercise01.csproj", "{C758B027-A115-449B-835F-AE8BFD52CAC9}"
EndProject
Project("{FAE04EC0-301F-11D3-BF4B-00C04F79EFBC}") = "Section04", "Chapter03\Section04\Section04.csproj", "{664E0D75-A9E3-4EB0-96D5-EBFFAB4DB8F5}"
EndProject
Project("{FAE04EC0-301F-11D3-BF4B-00C04F79EFBC}") = "Exercise02", "Chapter03\Exercise02\Exercise02.csproj", "{7388A43D-15B1-4FFF-B328-AC6285B5FDD7}"
EndProject
Project("{2150E333-8FDC-42A3-9474-1A3956D46DE8}") = "Chapter04", "Chapter04", "{E11D225F-4E36-483F-BBD0-94A042C7F7B5}"
EndProject
Project("{FAE04EC0-301F-11D3-BF4B-00C04F79EFBC}") = "Exercise01", "Chapter04\Exercise01\Exercise01.csproj", "{1D03A5DA-8ABB-44E8-BB9F-B42A406414E3}"
EndProject
Global
	GlobalSection(SolutionConfigurationPlatforms) = preSolution
		Debug|Any CPU = Debug|Any CPU
		Release|Any CPU = Release|Any CPU
	EndGlobalSection
	GlobalSection(ProjectConfigurationPlatforms) = postSolution
		{87657534-DA66-4B0F-9E73-A46EC3217F46}.Debug|Any CPU.ActiveCfg = Debug|Any CPU
		{87657534-DA66-4B0F-9E73-A46EC3217F46}.Debug|Any CPU.Build.0 = Debug|Any CPU
		{87657534-DA66-4B0F-9E73-A46EC3217F46}.Release|Any CPU.ActiveCfg = Release|Any CPU
		{87657534-DA66-4B0F-9E73-A46EC3217F46}.Release|Any CPU.Build.0 = Release|Any CPU
		{BB4E0C68-53E1-40C1-89A1-A5EDEF3F2BE7}.Debug|Any CPU.ActiveCfg = Debug|Any CPU
		{BB4E0C68-53E1-40C1-89A1-A5EDEF3F2BE7}.Debug|Any CPU.Build.0 = Debug|Any CPU
		{BB4E0C68-53E1-40C1-89A1-A5EDEF3F2BE7}.Release|Any CPU.ActiveCfg = Release|Any CPU
		{BB4E0C68-53E1-40C1-89A1-A5EDEF3F2BE7}.Release|Any CPU.Build.0 = Release|Any CPU
		{69D1FAE6-A116-43FA-968E-4AB8E7BD3238}.Debug|Any CPU.ActiveCfg = Debug|Any CPU
		{69D1FAE6-A116-43FA-968E-4AB8E7BD3238}.Debug|Any CPU.Build.0 = Debug|Any CPU
		{69D1FAE6-A116-43FA-968E-4AB8E7BD3238}.Release|Any CPU.ActiveCfg = Release|Any CPU
		{69D1FAE6-A116-43FA-968E-4AB8E7BD3238}.Release|Any CPU.Build.0 = Release|Any CPU
		{584AD1DA-CDD6-4722-A021-27526689DE2B}.Debug|Any CPU.ActiveCfg = Debug|Any CPU
		{584AD1DA-CDD6-4722-A021-27526689DE2B}.Debug|Any CPU.Build.0 = Debug|Any CPU
		{584AD1DA-CDD6-4722-A021-27526689DE2B}.Release|Any CPU.ActiveCfg = Release|Any CPU
		{584AD1DA-CDD6-4722-A021-27526689DE2B}.Release|Any CPU.Build.0 = Release|Any CPU
		{6B679EA2-17B5-4E5F-9A23-7E70CAEA3F73}.Debug|Any CPU.ActiveCfg = Debug|Any CPU
		{6B679EA2-17B5-4E5F-9A23-7E70CAEA3F73}.Debug|Any CPU.Build.0 = Debug|Any CPU
		{6B679EA2-17B5-4E5F-9A23-7E70CAEA3F73}.Release|Any CPU.ActiveCfg = Release|Any CPU
		{6B679EA2-17B5-4E5F-9A23-7E70CAEA3F73}.Release|Any CPU.Build.0 = Release|Any CPU
		{2AF76C10-0DD2-44E8-A7A1-9991C4B7359A}.Debug|Any CPU.ActiveCfg = Debug|Any CPU
		{2AF76C10-0DD2-44E8-A7A1-9991C4B7359A}.Debug|Any CPU.Build.0 = Debug|Any CPU
		{2AF76C10-0DD2-44E8-A7A1-9991C4B7359A}.Release|Any CPU.ActiveCfg = Release|Any CPU
		{2AF76C10-0DD2-44E8-A7A1-9991C4B7359A}.Release|Any CPU.Build.0 = Release|Any CPU
		{C758B027-A115-449B-835F-AE8BFD52CAC9}.Debug|Any CPU.ActiveCfg = Debug|Any CPU
		{C758B027-A115-449B-835F-AE8BFD52CAC9}.Debug|Any CPU.Build.0 = Debug|Any CPU
		{C758B027-A115-449B-835F-AE8BFD52CAC9}.Release|Any CPU.ActiveCfg = Release|Any CPU
		{C758B027-A115-449B-835F-AE8BFD52CAC9}.Release|Any CPU.Build.0 = Release|Any CPU
		{664E0D75-A9E3-4EB0-96D5-EBFFAB4DB8F5}.Debug|Any CPU.ActiveCfg = Debug|Any CPU
		{664E0D75-A9E3-4EB0-96D5-EBFFAB4DB8F5}.Debug|Any CPU.Build.0 = Debug|Any CPU
		{664E0D75-A9E3-4EB0-96D5-EBFFAB4DB8F5}.Release|Any CPU.ActiveCfg = Release|Any CPU
		{664E0D75-A9E3-4EB0-96D5-EBFFAB4DB8F5}.Release|Any CPU.Build.0 = Release|Any CPU
		{7388A43D-15B1-4FFF-B328-AC6285B5FDD7}.Debug|Any CPU.ActiveCfg = Debug|Any CPU
		{7388A43D-15B1-4FFF-B328-AC6285B5FDD7}.Debug|Any CPU.Build.0 = Debug|Any CPU
		{7388A43D-15B1-4FFF-B328-AC6285B5FDD7}.Release|Any CPU.ActiveCfg = Release|Any CPU
		{7388A43D-15B1-4FFF-B328-AC6285B5FDD7}.Release|Any CPU.Build.0 = Release|Any CPU
		{1D03A5DA-8ABB-44E8-BB9F-B42A406414E3}.Debug|Any CPU.ActiveCfg = Debug|Any CPU
		{1D03A5DA-8ABB-44E8-BB9F-B42A406414E3}.Debug|Any CPU.Build.0 = Debug|Any CPU
		{1D03A5DA-8ABB-44E8-BB9F-B42A406414E3}.Release|Any CPU.ActiveCfg = Release|Any CPU
		{1D03A5DA-8ABB-44E8-BB9F-B42A406414E3}.Release|Any CPU.Build.0 = Release|Any CPU
	EndGlobalSection
	GlobalSection(SolutionProperties) = preSolution
		HideSolutionNode = FALSE
	EndGlobalSection
	GlobalSection(NestedProjects) = preSolution
		{87657534-DA66-4B0F-9E73-A46EC3217F46} = {4D1ADECA-F3EB-4042-80F2-3364426BB004}
		{BB4E0C68-53E1-40C1-89A1-A5EDEF3F2BE7} = {4D1ADECA-F3EB-4042-80F2-3364426BB004}
		{69D1FAE6-A116-43FA-968E-4AB8E7BD3238} = {4D1ADECA-F3EB-4042-80F2-3364426BB004}
		{584AD1DA-CDD6-4722-A021-27526689DE2B} = {4D1ADECA-F3EB-4042-80F2-3364426BB004}
		{6B679EA2-17B5-4E5F-9A23-7E70CAEA3F73} = {4D1ADECA-F3EB-4042-80F2-3364426BB004}
		{2AF76C10-0DD2-44E8-A7A1-9991C4B7359A} = {58606AE4-F691-4351-9023-D2AE6B0EBF04}
		{C758B027-A115-449B-835F-AE8BFD52CAC9} = {58606AE4-F691-4351-9023-D2AE6B0EBF04}
		{664E0D75-A9E3-4EB0-96D5-EBFFAB4DB8F5} = {58606AE4-F691-4351-9023-D2AE6B0EBF04}
		{7388A43D-15B1-4FFF-B328-AC6285B5FDD7} = {58606AE4-F691-4351-9023-D2AE6B0EBF04}
		{1D03A5DA-8ABB-44E8-BB9F-B42A406414E3} = {E11D225F-4E36-483F-BBD0-94A042C7F7B5}
	EndGlobalSection
	GlobalSection(ExtensibilityGlobals) = postSolution
		SolutionGuid = {DC17E648-5B23-4B8B-B95D-6B88414E6EFD}
	EndGlobalSection
EndGlobal
