
Microsoft Visual Studio Solution File, Format Version 12.00
# Visual Studio Version 16
VisualStudioVersion = 16.0.32228.343
MinimumVisualStudioVersion = 10.0.40219.1
Project("{2150E333-8FDC-42A3-9474-1A3956D46DE8}") = "Chapter02", "Chapter02", "{4D1ADECA-F3EB-4042-80F2-3364426BB004}"
EndProject
Project("{FAE04EC0-301F-11D3-BF4B-00C04F79EFBC}") = "DistanceConverter", "Chapter02\DistanceConverter\DistanceConverter.csproj", "{87657534-DA66-4B0F-9E73-A46EC3217F46}"
EndProject
Project("{FAE04EC0-301F-11D3-BF4B-00C04F79EFBC}") = "SalesCalculator", "Chapter02\SalesCalculator\SalesCalculator.csproj", "{BB4E0C68-53E1-40C1-89A1-A5EDEF3F2BE7}"
EndProject
Project("{FAE04EC0-301F-11D3-BF4B-00C04F79EFBC}") = "Exercise", "Chapter02\Exercise\Exercise.csproj", "{69D1FAE6-A116-43FA-968E-4AB8E7BD3238}"
EndProject
Project("{FAE04EC0-301F-11D3-BF4B-00C04F79EFBC}") = "Exercise2", "Chapter02\Exercise2\Exercise2.csproj", "{584AD1DA-CDD6-4722-A021-27526689DE2B}"
EndProject
Project("{FAE04EC0-301F-11D3-BF4B-00C04F79EFBC}") = "Exercise3", "Chapter02\Exercise3\Exercise3\Exercise3.csproj", "{6B679EA2-17B5-4E5F-9A23-7E70CAEA3F73}"
EndProject
Project("{2150E333-8FDC-42A3-9474-1A3956D46DE8}") = "Chapter03", "Chapter03", "{58606AE4-F691-4351-9023-D2AE6B0EBF04}"
EndProject
Project("{FAE04EC0-301F-11D3-BF4B-00C04F79EFBC}") = "Section01", "Chapter03\Section01\Section01.csproj", "{2AF76C10-0DD2-44E8-A7A1-9991C4B7359A}"
EndProject
Project("{FAE04EC0-301F-11D3-BF4B-00C04F79EFBC}") = "Exercise01", "Chapter03\Exercise01\Exercise01.csproj", "{C758B027-A115-449B-835F-AE8BFD52CAC9}"
EndProject
Project("{FAE04EC0-301F-11D3-BF4B-00C04F79EFBC}") = "Section04", "Chapter03\Section04\Section04.csproj", "{664E0D75-A9E3-4EB0-96D5-EBFFAB4DB8F5}"
EndProject
Project("{FAE04EC0-301F-11D3-BF4B-00C04F79EFBC}") = "Exercise02", "Chapter03\Exercise02\Exercise02.csproj", "{7388A43D-15B1-4FFF-B328-AC6285B5FDD7}"
EndProject
Project("{2150E333-8FDC-42A3-9474-1A3956D46DE8}") = "Chapter04", "Chapter04", "{E11D225F-4E36-483F-BBD0-94A042C7F7B5}"
EndProject
Project("{FAE04EC0-301F-11D3-BF4B-00C04F79EFBC}") = "Exercise01", "Chapter04\Exercise01\Exercise01.csproj", "{1D03A5DA-8ABB-44E8-BB9F-B42A406414E3}"
EndProject
Project("{FAE04EC0-301F-11D3-BF4B-00C04F79EFBC}") = "Exercise02", "Chapter04\Exercise02\Exercise02.csproj", "{B992F047-1B51-4FF3-B7B4-CF16D97E9102}"
EndProject
Project("{2150E333-8FDC-42A3-9474-1A3956D46DE8}") = "Chapter05", "Chapter05", "{2908F9C4-3030-4DA0-80ED-7160FB5BD30E}"
EndProject
Project("{FAE04EC0-301F-11D3-BF4B-00C04F79EFBC}") = "Exercise01", "Chapter05\Exercise01\Exercise01.csproj", "{07263ABB-9C9A-4B7D-8258-42216876BE59}"
EndProject
Project("{FAE04EC0-301F-11D3-BF4B-00C04F79EFBC}") = "Exercise02", "Chapter05\Exercise02\Exercise02.csproj", "{7E44AFC6-5C6F-4FA9-AD0E-581DB3A7FCBD}"
EndProject
Project("{FAE04EC0-301F-11D3-BF4B-00C04F79EFBC}") = "Exercise03", "Chapter05\Exercise03\Exercise03.csproj", "{C109B7AF-2B6D-49C8-96C2-AD389C7E0D65}"
EndProject
Project("{FAE04EC0-301F-11D3-BF4B-00C04F79EFBC}") = "Exercise04", "Chapter05\Exercise04\Exercise04.csproj", "{7E27FABD-2A20-41E8-9C66-FD1B67B96A5D}"
EndProject
Project("{2150E333-8FDC-42A3-9474-1A3956D46DE8}") = "Chapter06", "Chapter06", "{8CCAEC4F-E146-4A02-A0A8-2F601E5306D0}"
EndProject
Project("{FAE04EC0-301F-11D3-BF4B-00C04F79EFBC}") = "Exercise01", "Chapter06\Exercise01\Exercise01.csproj", "{AF2D7AC1-6B26-4620-9926-9F9BEC992DCE}"
EndProject
Project("{FAE04EC0-301F-11D3-BF4B-00C04F79EFBC}") = "Exercise02", "Chapter06\Exercise02\Exercise02.csproj", "{5F66EAEB-DC7C-44DB-9098-19FF38EA767D}"
EndProject
Project("{2150E333-8FDC-42A3-9474-1A3956D46DE8}") = "FormAppSample", "FormAppSample", "{4291BE87-6229-4D89-BC18-A27B4F7E56FC}"
EndProject
Project("{FAE04EC0-301F-11D3-BF4B-00C04F79EFBC}") = "Sample0603", "FormAppSample\Sample0603\Sample0603.csproj", "{66608117-965B-493C-B632-BE947B16800B}"
EndProject
Project("{FAE04EC0-301F-11D3-BF4B-00C04F79EFBC}") = "Sample0607", "FormAppSample\Sample0607\Sample0607.csproj", "{242F9C81-B6DE-41F2-AD0A-9033D45E4CD7}"
EndProject
Project("{FAE04EC0-301F-11D3-BF4B-00C04F79EFBC}") = "NumberGame", "FormAppSample\NumberGame\NumberGame.csproj", "{AEA1FC41-63D0-4C81-BDA5-82CBF54FC8DB}"
EndProject
Project("{FAE04EC0-301F-11D3-BF4B-00C04F79EFBC}") = "AddressBook", "FormAppSample\AddressBook\AddressBook.csproj", "{A20E76E0-4D42-40BD-8AC0-1E62526C3233}"
EndProject
Global
	GlobalSection(SolutionConfigurationPlatforms) = preSolution
		Debug|Any CPU = Debug|Any CPU
		Release|Any CPU = Release|Any CPU
	EndGlobalSection
	GlobalSection(ProjectConfigurationPlatforms) = postSolution
		{87657534-DA66-4B0F-9E73-A46EC3217F46}.Debug|Any CPU.ActiveCfg = Debug|Any CPU
		{87657534-DA66-4B0F-9E73-A46EC3217F46}.Debug|Any CPU.Build.0 = Debug|Any CPU
		{87657534-DA66-4B0F-9E73-A46EC3217F46}.Release|Any CPU.ActiveCfg = Release|Any CPU
		{87657534-DA66-4B0F-9E73-A46EC3217F46}.Release|Any CPU.Build.0 = Release|Any CPU
		{BB4E0C68-53E1-40C1-89A1-A5EDEF3F2BE7}.Debug|Any CPU.ActiveCfg = Debug|Any CPU
		{BB4E0C68-53E1-40C1-89A1-A5EDEF3F2BE7}.Debug|Any CPU.Build.0 = Debug|Any CPU
		{BB4E0C68-53E1-40C1-89A1-A5EDEF3F2BE7}.Release|Any CPU.ActiveCfg = Release|Any CPU
		{BB4E0C68-53E1-40C1-89A1-A5EDEF3F2BE7}.Release|Any CPU.Build.0 = Release|Any CPU
		{69D1FAE6-A116-43FA-968E-4AB8E7BD3238}.Debug|Any CPU.ActiveCfg = Debug|Any CPU
		{69D1FAE6-A116-43FA-968E-4AB8E7BD3238}.Debug|Any CPU.Build.0 = Debug|Any CPU
		{69D1FAE6-A116-43FA-968E-4AB8E7BD3238}.Release|Any CPU.ActiveCfg = Release|Any CPU
		{69D1FAE6-A116-43FA-968E-4AB8E7BD3238}.Release|Any CPU.Build.0 = Release|Any CPU
		{584AD1DA-CDD6-4722-A021-27526689DE2B}.Debug|Any CPU.ActiveCfg = Debug|Any CPU
		{584AD1DA-CDD6-4722-A021-27526689DE2B}.Debug|Any CPU.Build.0 = Debug|Any CPU
		{584AD1DA-CDD6-4722-A021-27526689DE2B}.Release|Any CPU.ActiveCfg = Release|Any CPU
		{584AD1DA-CDD6-4722-A021-27526689DE2B}.Release|Any CPU.Build.0 = Release|Any CPU
		{6B679EA2-17B5-4E5F-9A23-7E70CAEA3F73}.Debug|Any CPU.ActiveCfg = Debug|Any CPU
		{6B679EA2-17B5-4E5F-9A23-7E70CAEA3F73}.Debug|Any CPU.Build.0 = Debug|Any CPU
		{6B679EA2-17B5-4E5F-9A23-7E70CAEA3F73}.Release|Any CPU.ActiveCfg = Release|Any CPU
		{6B679EA2-17B5-4E5F-9A23-7E70CAEA3F73}.Release|Any CPU.Build.0 = Release|Any CPU
		{2AF76C10-0DD2-44E8-A7A1-9991C4B7359A}.Debug|Any CPU.ActiveCfg = Debug|Any CPU
		{2AF76C10-0DD2-44E8-A7A1-9991C4B7359A}.Debug|Any CPU.Build.0 = Debug|Any CPU
		{2AF76C10-0DD2-44E8-A7A1-9991C4B7359A}.Release|Any CPU.ActiveCfg = Release|Any CPU
		{2AF76C10-0DD2-44E8-A7A1-9991C4B7359A}.Release|Any CPU.Build.0 = Release|Any CPU
		{C758B027-A115-449B-835F-AE8BFD52CAC9}.Debug|Any CPU.ActiveCfg = Debug|Any CPU
		{C758B027-A115-449B-835F-AE8BFD52CAC9}.Debug|Any CPU.Build.0 = Debug|Any CPU
		{C758B027-A115-449B-835F-AE8BFD52CAC9}.Release|Any CPU.ActiveCfg = Release|Any CPU
		{C758B027-A115-449B-835F-AE8BFD52CAC9}.Release|Any CPU.Build.0 = Release|Any CPU
		{664E0D75-A9E3-4EB0-96D5-EBFFAB4DB8F5}.Debug|Any CPU.ActiveCfg = Debug|Any CPU
		{664E0D75-A9E3-4EB0-96D5-EBFFAB4DB8F5}.Debug|Any CPU.Build.0 = Debug|Any CPU
		{664E0D75-A9E3-4EB0-96D5-EBFFAB4DB8F5}.Release|Any CPU.ActiveCfg = Release|Any CPU
		{664E0D75-A9E3-4EB0-96D5-EBFFAB4DB8F5}.Release|Any CPU.Build.0 = Release|Any CPU
		{7388A43D-15B1-4FFF-B328-AC6285B5FDD7}.Debug|Any CPU.ActiveCfg = Debug|Any CPU
		{7388A43D-15B1-4FFF-B328-AC6285B5FDD7}.Debug|Any CPU.Build.0 = Debug|Any CPU
		{7388A43D-15B1-4FFF-B328-AC6285B5FDD7}.Release|Any CPU.ActiveCfg = Release|Any CPU
		{7388A43D-15B1-4FFF-B328-AC6285B5FDD7}.Release|Any CPU.Build.0 = Release|Any CPU
		{1D03A5DA-8ABB-44E8-BB9F-B42A406414E3}.Debug|Any CPU.ActiveCfg = Debug|Any CPU
		{1D03A5DA-8ABB-44E8-BB9F-B42A406414E3}.Debug|Any CPU.Build.0 = Debug|Any CPU
		{1D03A5DA-8ABB-44E8-BB9F-B42A406414E3}.Release|Any CPU.ActiveCfg = Release|Any CPU
		{1D03A5DA-8ABB-44E8-BB9F-B42A406414E3}.Release|Any CPU.Build.0 = Release|Any CPU
		{B992F047-1B51-4FF3-B7B4-CF16D97E9102}.Debug|Any CPU.ActiveCfg = Debug|Any CPU
		{B992F047-1B51-4FF3-B7B4-CF16D97E9102}.Debug|Any CPU.Build.0 = Debug|Any CPU
		{B992F047-1B51-4FF3-B7B4-CF16D97E9102}.Release|Any CPU.ActiveCfg = Release|Any CPU
		{B992F047-1B51-4FF3-B7B4-CF16D97E9102}.Release|Any CPU.Build.0 = Release|Any CPU
		{07263ABB-9C9A-4B7D-8258-42216876BE59}.Debug|Any CPU.ActiveCfg = Debug|Any CPU
		{07263ABB-9C9A-4B7D-8258-42216876BE59}.Debug|Any CPU.Build.0 = Debug|Any CPU
		{07263ABB-9C9A-4B7D-8258-42216876BE59}.Release|Any CPU.ActiveCfg = Release|Any CPU
		{07263ABB-9C9A-4B7D-8258-42216876BE59}.Release|Any CPU.Build.0 = Release|Any CPU
		{7E44AFC6-5C6F-4FA9-AD0E-581DB3A7FCBD}.Debug|Any CPU.ActiveCfg = Debug|Any CPU
		{7E44AFC6-5C6F-4FA9-AD0E-581DB3A7FCBD}.Debug|Any CPU.Build.0 = Debug|Any CPU
		{7E44AFC6-5C6F-4FA9-AD0E-581DB3A7FCBD}.Release|Any CPU.ActiveCfg = Release|Any CPU
		{7E44AFC6-5C6F-4FA9-AD0E-581DB3A7FCBD}.Release|Any CPU.Build.0 = Release|Any CPU
		{C109B7AF-2B6D-49C8-96C2-AD389C7E0D65}.Debug|Any CPU.ActiveCfg = Debug|Any CPU
		{C109B7AF-2B6D-49C8-96C2-AD389C7E0D65}.Debug|Any CPU.Build.0 = Debug|Any CPU
		{C109B7AF-2B6D-49C8-96C2-AD389C7E0D65}.Release|Any CPU.ActiveCfg = Release|Any CPU
		{C109B7AF-2B6D-49C8-96C2-AD389C7E0D65}.Release|Any CPU.Build.0 = Release|Any CPU
		{7E27FABD-2A20-41E8-9C66-FD1B67B96A5D}.Debug|Any CPU.ActiveCfg = Debug|Any CPU
		{7E27FABD-2A20-41E8-9C66-FD1B67B96A5D}.Debug|Any CPU.Build.0 = Debug|Any CPU
		{7E27FABD-2A20-41E8-9C66-FD1B67B96A5D}.Release|Any CPU.ActiveCfg = Release|Any CPU
		{7E27FABD-2A20-41E8-9C66-FD1B67B96A5D}.Release|Any CPU.Build.0 = Release|Any CPU
		{AF2D7AC1-6B26-4620-9926-9F9BEC992DCE}.Debug|Any CPU.ActiveCfg = Debug|Any CPU
		{AF2D7AC1-6B26-4620-9926-9F9BEC992DCE}.Debug|Any CPU.Build.0 = Debug|Any CPU
		{AF2D7AC1-6B26-4620-9926-9F9BEC992DCE}.Release|Any CPU.ActiveCfg = Release|Any CPU
		{AF2D7AC1-6B26-4620-9926-9F9BEC992DCE}.Release|Any CPU.Build.0 = Release|Any CPU
		{5F66EAEB-DC7C-44DB-9098-19FF38EA767D}.Debug|Any CPU.ActiveCfg = Debug|Any CPU
		{5F66EAEB-DC7C-44DB-9098-19FF38EA767D}.Debug|Any CPU.Build.0 = Debug|Any CPU
		{5F66EAEB-DC7C-44DB-9098-19FF38EA767D}.Release|Any CPU.ActiveCfg = Release|Any CPU
		{5F66EAEB-DC7C-44DB-9098-19FF38EA767D}.Release|Any CPU.Build.0 = Release|Any CPU
		{66608117-965B-493C-B632-BE947B16800B}.Debug|Any CPU.ActiveCfg = Debug|Any CPU
		{66608117-965B-493C-B632-BE947B16800B}.Debug|Any CPU.Build.0 = Debug|Any CPU
		{66608117-965B-493C-B632-BE947B16800B}.Release|Any CPU.ActiveCfg = Release|Any CPU
		{66608117-965B-493C-B632-BE947B16800B}.Release|Any CPU.Build.0 = Release|Any CPU
		{242F9C81-B6DE-41F2-AD0A-9033D45E4CD7}.Debug|Any CPU.ActiveCfg = Debug|Any CPU
		{242F9C81-B6DE-41F2-AD0A-9033D45E4CD7}.Debug|Any CPU.Build.0 = Debug|Any CPU
		{242F9C81-B6DE-41F2-AD0A-9033D45E4CD7}.Release|Any CPU.ActiveCfg = Release|Any CPU
		{242F9C81-B6DE-41F2-AD0A-9033D45E4CD7}.Release|Any CPU.Build.0 = Release|Any CPU
		{AEA1FC41-63D0-4C81-BDA5-82CBF54FC8DB}.Debug|Any CPU.ActiveCfg = Debug|Any CPU
		{AEA1FC41-63D0-4C81-BDA5-82CBF54FC8DB}.Debug|Any CPU.Build.0 = Debug|Any CPU
		{AEA1FC41-63D0-4C81-BDA5-82CBF54FC8DB}.Release|Any CPU.ActiveCfg = Release|Any CPU
		{AEA1FC41-63D0-4C81-BDA5-82CBF54FC8DB}.Release|Any CPU.Build.0 = Release|Any CPU
		{A20E76E0-4D42-40BD-8AC0-1E62526C3233}.Debug|Any CPU.ActiveCfg = Debug|Any CPU
		{A20E76E0-4D42-40BD-8AC0-1E62526C3233}.Debug|Any CPU.Build.0 = Debug|Any CPU
		{A20E76E0-4D42-40BD-8AC0-1E62526C3233}.Release|Any CPU.ActiveCfg = Release|Any CPU
		{A20E76E0-4D42-40BD-8AC0-1E62526C3233}.Release|Any CPU.Build.0 = Release|Any CPU
	EndGlobalSection
	GlobalSection(SolutionProperties) = preSolution
		HideSolutionNode = FALSE
	EndGlobalSection
	GlobalSection(NestedProjects) = preSolution
		{87657534-DA66-4B0F-9E73-A46EC3217F46} = {4D1ADECA-F3EB-4042-80F2-3364426BB004}
		{BB4E0C68-53E1-40C1-89A1-A5EDEF3F2BE7} = {4D1ADECA-F3EB-4042-80F2-3364426BB004}
		{69D1FAE6-A116-43FA-968E-4AB8E7BD3238} = {4D1ADECA-F3EB-4042-80F2-3364426BB004}
		{584AD1DA-CDD6-4722-A021-27526689DE2B} = {4D1ADECA-F3EB-4042-80F2-3364426BB004}
		{6B679EA2-17B5-4E5F-9A23-7E70CAEA3F73} = {4D1ADECA-F3EB-4042-80F2-3364426BB004}
		{2AF76C10-0DD2-44E8-A7A1-9991C4B7359A} = {58606AE4-F691-4351-9023-D2AE6B0EBF04}
		{C758B027-A115-449B-835F-AE8BFD52CAC9} = {58606AE4-F691-4351-9023-D2AE6B0EBF04}
		{664E0D75-A9E3-4EB0-96D5-EBFFAB4DB8F5} = {58606AE4-F691-4351-9023-D2AE6B0EBF04}
		{7388A43D-15B1-4FFF-B328-AC6285B5FDD7} = {58606AE4-F691-4351-9023-D2AE6B0EBF04}
		{1D03A5DA-8ABB-44E8-BB9F-B42A406414E3} = {E11D225F-4E36-483F-BBD0-94A042C7F7B5}
		{B992F047-1B51-4FF3-B7B4-CF16D97E9102} = {E11D225F-4E36-483F-BBD0-94A042C7F7B5}
		{07263ABB-9C9A-4B7D-8258-42216876BE59} = {2908F9C4-3030-4DA0-80ED-7160FB5BD30E}
		{7E44AFC6-5C6F-4FA9-AD0E-581DB3A7FCBD} = {2908F9C4-3030-4DA0-80ED-7160FB5BD30E}
		{C109B7AF-2B6D-49C8-96C2-AD389C7E0D65} = {2908F9C4-3030-4DA0-80ED-7160FB5BD30E}
		{7E27FABD-2A20-41E8-9C66-FD1B67B96A5D} = {2908F9C4-3030-4DA0-80ED-7160FB5BD30E}
		{AF2D7AC1-6B26-4620-9926-9F9BEC992DCE} = {8CCAEC4F-E146-4A02-A0A8-2F601E5306D0}
		{5F66EAEB-DC7C-44DB-9098-19FF38EA767D} = {8CCAEC4F-E146-4A02-A0A8-2F601E5306D0}
		{66608117-965B-493C-B632-BE947B16800B} = {4291BE87-6229-4D89-BC18-A27B4F7E56FC}
		{242F9C81-B6DE-41F2-AD0A-9033D45E4CD7} = {4291BE87-6229-4D89-BC18-A27B4F7E56FC}
		{AEA1FC41-63D0-4C81-BDA5-82CBF54FC8DB} = {4291BE87-6229-4D89-BC18-A27B4F7E56FC}
		{A20E76E0-4D42-40BD-8AC0-1E62526C3233} = {4291BE87-6229-4D89-BC18-A27B4F7E56FC}
	EndGlobalSection
	GlobalSection(ExtensibilityGlobals) = postSolution
		SolutionGuid = {DC17E648-5B23-4B8B-B95D-6B88414E6EFD}
	EndGlobalSection
EndGlobal
